schema: '2.0'
stages:
  data_injection:
    cmd: python src/data/data_injection.py
    deps:
    - path: src/data/data_injection.py
      hash: md5
      md5: 73918c0c7aefb2119809e81aafc77200
      size: 3534
    params:
      params.yaml:
        data_injection.test_size: 0.21
    outs:
    - path: data/raw
      hash: md5
      md5: 12ab41edc14fc89684a832610be41981.dir
      size: 827973
      nfiles: 2
  data_preprocessing:
    cmd: python src/data/data_preprocessing.py
    deps:
    - path: data/raw
      hash: md5
      md5: 12ab41edc14fc89684a832610be41981.dir
      size: 827973
      nfiles: 2
    - path: src/data/data_preprocessing.py
      hash: md5
      md5: 69c1e925599fe9c337f9de05b76b0176
      size: 3990
    outs:
    - path: data/interim
      hash: md5
      md5: ee4fe7915ed10d53aa178cd52e34471f.dir
      size: 572633
      nfiles: 2
  feature_engineering:
    cmd: python src\features\feature_engineering.py
    deps:
    - path: data/interim
      hash: md5
      md5: ee4fe7915ed10d53aa178cd52e34471f.dir
      size: 572633
      nfiles: 2
    - path: src\features\feature_engineering.py
      hash: md5
      md5: 31b7e92c4678289061329073d0100d9b
      size: 3758
    params:
      params.yaml:
        feature_engineering.max_features: 50
    outs:
    - path: data/processed
      hash: md5
      md5: d97da95e8aade68d6cd6a1379ddd0e0e.dir
      size: 1068816
      nfiles: 2
  model_building:
    cmd: python src\model\model_building.py
    deps:
    - path: data/processed
      hash: md5
      md5: d97da95e8aade68d6cd6a1379ddd0e0e.dir
      size: 1068816
      nfiles: 2
    - path: src\model\model_building.py
      hash: md5
      md5: b3c9c23cf7c72f90ec027d58aa8c00fc
      size: 3059
    params:
      params.yaml:
        model_building.learning_rate: 0.01
        model_building.n_estimators: 50
    outs:
    - path: models\model.pkl
      hash: md5
      md5: 8551ca404211cc2a394d031e6ecf8983
      size: 70582
  model_evaluation:
    cmd: python src\model\model_evalution.py
    deps:
    - path: models\model.pkl
      hash: md5
      md5: 8551ca404211cc2a394d031e6ecf8983
      size: 70582
    - path: src\model\model_evalution.py
      hash: md5
      md5: a6eec6ad749aa22c1aff524b392b695c
      size: 3367
    outs:
    - path: reports/metrics.json
      hash: md5
      md5: 84e2c052cf83f4bbc327b8b1dba3590d
      size: 145
